// !$*UTF8*$!
{
	archiveVersion = 1;
	classes = {
	};
	objectVersion = 46;
	objects = {

/* Begin PBXBuildFile section */
		C511E9B41E3E63D80048B620 /* AppDelegate.swift in Sources */ = {isa = PBXBuildFile; fileRef = C511E9B31E3E63D80048B620 /* AppDelegate.swift */; };
		C511E9B61E3E63D80048B620 /* ViewController.swift in Sources */ = {isa = PBXBuildFile; fileRef = C511E9B51E3E63D80048B620 /* ViewController.swift */; };
		C511E9B91E3E63D80048B620 /* Main.storyboard in Resources */ = {isa = PBXBuildFile; fileRef = C511E9B71E3E63D80048B620 /* Main.storyboard */; };
		C511E9BB1E3E63D80048B620 /* Assets.xcassets in Resources */ = {isa = PBXBuildFile; fileRef = C511E9BA1E3E63D80048B620 /* Assets.xcassets */; };
		C511E9BE1E3E63D80048B620 /* LaunchScreen.storyboard in Resources */ = {isa = PBXBuildFile; fileRef = C511E9BC1E3E63D80048B620 /* LaunchScreen.storyboard */; };
		C511E9C71E3E63E90048B620 /* MapKit.framework in Frameworks */ = {isa = PBXBuildFile; fileRef = C511E9C61E3E63E90048B620 /* MapKit.framework */; };
		C511E9C91E3EF3860048B620 /* readme.md in Sources */ = {isa = PBXBuildFile; fileRef = C511E9C81E3EF3850048B620 /* readme.md */; };
		C511E9CB1E3EF3AE0048B620 /* IMG_1077.PNG in Resources */ = {isa = PBXBuildFile; fileRef = C511E9CA1E3EF3AE0048B620 /* IMG_1077.PNG */; };
/* End PBXBuildFile section */

/* Begin PBXFileReference section */
		C511E9B01E3E63D80048B620 /* MapKitSample.app */ = {isa = PBXFileReference; explicitFileType = wrapper.application; includeInIndex = 0; path = MapKitSample.app; sourceTree = BUILT_PRODUCTS_DIR; };
		C511E9B31E3E63D80048B620 /* AppDelegate.swift */ = {isa = PBXFileReference; lastKnownFileType = sourcecode.swift; path = AppDelegate.swift; sourceTree = "<group>"; };
		C511E9B51E3E63D80048B620 /* ViewController.swift */ = {isa = PBXFileReference; lastKnownFileType = sourcecode.swift; path = ViewController.swift; sourceTree = "<group>"; };
		C511E9B81E3E63D80048B620 /* Base */ = {isa = PBXFileReference; lastKnownFileType = file.storyboard; name = Base; path = Base.lproj/Main.storyboard; sourceTree = "<group>"; };
		C511E9BA1E3E63D80048B620 /* Assets.xcassets */ = {isa = PBXFileReference; lastKnownFileType = folder.assetcatalog; path = Assets.xcassets; sourceTree = "<group>"; };
		C511E9BD1E3E63D80048B620 /* Base */ = {isa = PBXFileReference; lastKnownFileType = file.storyboard; name = Base; path = Base.lproj/LaunchScreen.storyboard; sourceTree = "<group>"; };
		C511E9BF1E3E63D80048B620 /* Info.plist */ = {isa = PBXFileReference; lastKnownFileType = text.plist.xml; path = Info.plist; sourceTree = "<group>"; };
		C511E9C61E3E63E90048B620 /* MapKit.framework */ = {isa = PBXFileReference; lastKnownFileType = wrapper.framework; name = MapKit.framework; path = System/Library/Frameworks/MapKit.framework; sourceTree = SDKROOT; };
		C511E9C81E3EF3850048B620 /* readme.md */ = {isa = PBXFileReference; fileEncoding = 4; lastKnownFileType = net.daringfireball.markdown; path = readme.md; sourceTree = "<group>"; };
		C511E9CA1E3EF3AE0048B620 /* IMG_1077.PNG */ = {isa = PBXFileReference; lastKnownFileType = image.png; name = IMG_1077.PNG; path = ../IMG_1077.PNG; sourceTree = "<group>"; };
/* End PBXFileReference section */

/* Begin PBXFrameworksBuildPhase section */
		C511E9AD1E3E63D80048B620 /* Frameworks */ = {
			isa = PBXFrameworksBuildPhase;
			buildActionMask = 2147483647;
			files = (
				C511E9C71E3E63E90048B620 /* MapKit.framework in Frameworks */,
			);
			runOnlyForDeploymentPostprocessing = 0;
		};
/* End PBXFrameworksBuildPhase section */

/* Begin PBXGroup section */
		C511E9A71E3E63D80048B620 = {
			isa = PBXGroup;
			children = (
				C511E9CA1E3EF3AE0048B620 /* IMG_1077.PNG */,
				C511E9C81E3EF3850048B620 /* readme.md */,
				C511E9B21E3E63D80048B620 /* MapKitSample */,
				C511E9B11E3E63D80048B620 /* Products */,
				C511E9C51E3E63E90048B620 /* Frameworks */,
			);
			sourceTree = "<group>";
		};
		C511E9B11E3E63D80048B620 /* Products */ = {
			isa = PBXGroup;
			children = (
				C511E9B01E3E63D80048B620 /* MapKitSample.app */,
			);
			name = Products;
			sourceTree = "<group>";
		};
		C511E9B21E3E63D80048B620 /* MapKitSample */ = {
			isa = PBXGroup;
			children = (
				C511E9B31E3E63D80048B620 /* AppDelegate.swift */,
				C511E9B51E3E63D80048B620 /* ViewController.swift */,
				C511E9B71E3E63D80048B620 /* Main.storyboard */,
				C511E9BA1E3E63D80048B620 /* Assets.xcassets */,
				C511E9BC1E3E63D80048B620 /* LaunchScreen.storyboard */,
				C511E9BF1E3E63D80048B620 /* Info.plist */,
			);
			path = MapKitSample;
			sourceTree = "<group>";
		};
		C511E9C51E3E63E90048B620 /* Frameworks */ = {
			isa = PBXGroup;
			children = (
				C511E9C61E3E63E90048B620 /* MapKit.framework */,
			);
			name = Frameworks;
			sourceTree = "<group>";
		};
/* End PBXGroup section */

/* Begin PBXNativeTarget section */
		C511E9AF1E3E63D80048B620 /* MapKitSample */ = {
			isa = PBXNativeTarget;
			buildConfigurationList = C511E9C21E3E63D80048B620 /* Build configuration list for PBXNativeTarget "MapKitSample" */;
			buildPhases = (
				C511E9AC1E3E63D80048B620 /* Sources */,
				C511E9AD1E3E63D80048B620 /* Frameworks */,
				C511E9AE1E3E63D80048B620 /* Resources */,
			);
			buildRules = (
			);
			dependencies = (
			);
			name = MapKitSample;
			productName = MapKitSample;
			productReference = C511E9B01E3E63D80048B620 /* MapKitSample.app */;
			productType = "com.apple.product-type.application";
		};
/* End PBXNativeTarget section */

/* Begin PBXProject section */
		C511E9A81E3E63D80048B620 /* Project object */ = {
			isa = PBXProject;
			attributes = {
				LastSwiftUpdateCheck = 0820;
				LastUpgradeCheck = 0820;
				ORGANIZATIONNAME = shinyayamamoto;
				TargetAttributes = {
					C511E9AF1E3E63D80048B620 = {
						CreatedOnToolsVersion = 8.2.1;
						DevelopmentTeam = 555AYYM2W4;
						ProvisioningStyle = Automatic;
					};
				};
			};
			buildConfigurationList = C511E9AB1E3E63D80048B620 /* Build configuration list for PBXProject "MapKitSample" */;
			compatibilityVersion = "Xcode 3.2";
			developmentRegion = English;
			hasScannedForEncodings = 0;
			knownRegions = (
				en,
				Base,
			);
			mainGroup = C511E9A71E3E63D80048B620;
			productRefGroup = C511E9B11E3E63D80048B620 /* Products */;
			projectDirPath = "";
			projectRoot = "";
			targets = (
				C511E9AF1E3E63D80048B620 /* MapKitSample */,
			);
		};
/* End PBXProject section */

/* Begin PBXResourcesBuildPhase section */
		C511E9AE1E3E63D80048B620 /* Resources */ = {
			isa = PBXResourcesBuildPhase;
			buildActionMask = 2147483647;
			files = (
				C511E9BE1E3E63D80048B620 /* LaunchScreen.storyboard in Resources */,
				C511E9BB1E3E63D80048B620 /* Assets.xcassets in Resources */,
				C511E9CB1E3EF3AE0048B620 /* IMG_1077.PNG in Resources */,
				C511E9B91E3E63D80048B620 /* Main.storyboard in Resources */,
			);
			runOnlyForDeploymentPostprocessing = 0;
		};
/* End PBXResourcesBuildPhase section */

/* Begin PBXSourcesBuildPhase section */
		C511E9AC1E3E63D80048B620 /* Sources */ = {
			isa = PBXSourcesBuildPhase;
			buildActionMask = 2147483647;
			files = (
				C511E9B61E3E63D80048B620 /* ViewController.swift in Sources */,
				C511E9C91E3EF3860048B620 /* readme.md in Sources */,
				C511E9B41E3E63D80048B620 /* AppDelegate.swift in Sources */,
			);
			runOnlyForDeploymentPostprocessing = 0;
		};
/* End PBXSourcesBuildPhase section */

/* Begin PBXVariantGroup section */
		C511E9B71E3E63D80048B620 /* Main.storyboard */ = {
			isa = PBXVariantGroup;
			children = (
				C511E9B81E3E63D80048B620 /* Base */,
			);
			name = Main.storyboard;
			sourceTree = "<group>";
		};
		C511E9BC1E3E63D80048B620 /* LaunchScreen.storyboard */ = {
			isa = PBXVariantGroup;
			children = (
				C511E9BD1E3E63D80048B620 /* Base */,
			);
			name = LaunchScreen.storyboard;
			sourceTree = "<group>";
		};
/* End PBXVariantGroup section */

/* Begin XCBuildConfiguration section */
		C511E9C01E3E63D80048B620 /* Debug */ = {
			isa = XCBuildConfiguration;
			buildSettings = {
				ALWAYS_SEARCH_USER_PATHS = NO;
				CLANG_ANALYZER_NONNULL = YES;
				CLANG_CXX_LANGUAGE_STANDARD = "gnu++0x";
				CLANG_CXX_LIBRARY = "libc++";
				CLANG_ENABLE_MODULES = YES;
				CLANG_ENABLE_OBJC_ARC = YES;
				CLANG_WARN_BOOL_CONVERSION = YES;
				CLANG_WARN_CONSTANT_CONVERSION = YES;
				CLANG_WARN_DIRECT_OBJC_ISA_USAGE = YES_ERROR;
				CLANG_WARN_DOCUMENTATION_COMMENTS = YES;
				CLANG_WARN_EMPTY_BODY = YES;
				CLANG_WARN_ENUM_CONVERSION = YES;
				CLANG_WARN_INFINITE_RECURSION = YES;
				CLANG_WARN_INT_CONVERSION = YES;
				CLANG_WARN_OBJC_ROOT_CLASS = YES_ERROR;
				CLANG_WARN_SUSPICIOUS_MOVE = YES;
				CLANG_WARN_UNREACHABLE_CODE = YES;
				CLANG_WARN__DUPLICATE_METHOD_MATCH = YES;
				"CODE_SIGN_IDENTITY[sdk=iphoneos*]" = "iPhone Developer";
				COPY_PHASE_STRIP = NO;
				DEBUG_INFORMATION_FORMAT = dwarf;
				ENABLE_STRICT_OBJC_MSGSEND = YES;
				ENABLE_TESTABILITY = YES;
				GCC_C_LANGUAGE_STANDARD = gnu99;
				GCC_DYNAMIC_NO_PIC = NO;
				GCC_NO_COMMON_BLOCKS = YES;
				GCC_OPTIMIZATION_LEVEL = 0;
				GCC_PREPROCESSOR_DEFINITIONS = (
					"DEBUG=1",
					"$(inherited)",
				);
				GCC_WARN_64_TO_32_BIT_CONVERSION = YES;
				GCC_WARN_ABOUT_RETURN_TYPE = YES_ERROR;
				GCC_WARN_UNDECLARED_SELECTOR = YES;
				GCC_WARN_UNINITIALIZED_AUTOS = YES_AGGRESSIVE;
				GCC_WARN_UNUSED_FUNCTION = YES;
				GCC_WARN_UNUSED_VARIABLE = YES;
				IPHONEOS_DEPLOYMENT_TARGET = 9.0;
				MTL_ENABLE_DEBUG_INFO = YES;
				ONLY_ACTIVE_ARCH = YES;
				SDKROOT = iphoneos;
				SWIFT_ACTIVE_COMPILATION_CONDITIONS = DEBUG;
				SWIFT_OPTIMIZATION_LEVEL = "-Onone";
			};
			name = Debug;
		};
		C511E9C11E3E63D80048B620 /* Release */ = {
			isa = XCBuildConfiguration;
			buildSettings = {
				ALWAYS_SEARCH_USER_PATHS = NO;
				CLANG_ANALYZER_NONNULL = YES;
				CLANG_CXX_LANGUAGE_STANDARD = "gnu++0x";
				CLANG_CXX_LIBRARY = "libc++";
				CLANG_ENABLE_MODULES = YES;
				CLANG_ENABLE_OBJC_ARC = YES;
				CLANG_WARN_BOOL_CONVERSION = YES;
				CLANG_WARN_CONSTANT_CONVERSION = YES;
				CLANG_WARN_DIRECT_OBJC_ISA_USAGE = YES_ERROR;
				CLANG_WARN_DOCUMENTATION_COMMENTS = YES;
				CLANG_WARN_EMPTY_BODY = YES;
				CLANG_WARN_ENUM_CONVERSION = YES;
				CLANG_WARN_INFINITE_RECURSION = YES;
				CLANG_WARN_INT_CONVERSION = YES;
				CLANG_WARN_OBJC_ROOT_CLASS = YES_ERROR;
				CLANG_WARN_SUSPICIOUS_MOVE = YES;
				CLANG_WARN_UNREACHABLE_CODE = YES;
				CLANG_WARN__DUPLICATE_METHOD_MATCH = YES;
				"CODE_SIGN_IDENTITY[sdk=iphoneos*]" = "iPhone Developer";
				COPY_PHASE_STRIP = NO;
				DEBUG_INFORMATION_FORMAT = "dwarf-with-dsym";
				ENABLE_NS_ASSERTIONS = NO;
				ENABLE_STRICT_OBJC_MSGSEND = YES;
				GCC_C_LANGUAGE_STANDARD = gnu99;
				GCC_NO_COMMON_BLOCKS = YES;
				GCC_WARN_64_TO_32_BIT_CONVERSION = YES;
				GCC_WARN_ABOUT_RETURN_TYPE = YES_ERROR;
				GCC_WARN_UNDECLARED_SELECTOR = YES;
				GCC_WARN_UNINITIALIZED_AUTOS = YES_AGGRESSIVE;
				GCC_WARN_UNUSED_FUNCTION = YES;
				GCC_WARN_UNUSED_VARIABLE = YES;
				IPHONEOS_DEPLOYMENT_TARGET = 9.0;
				MTL_ENABLE_DEBUG_INFO = NO;
				SDKROOT = iphoneos;
				SWIFT_OPTIMIZATION_LEVEL = "-Owholemodule";
				VALIDATE_PRODUCT = YES;
			};
			name = Release;
		};
		C511E9C31E3E63D80048B620 /* Debug */ = {
			isa = XCBuildConfiguration;
			buildSettings = {
				ASSETCATALOG_COMPILER_APPICON_NAME = AppIcon;
				DEVELOPMENT_TEAM = 555AYYM2W4;
				INFOPLIST_FILE = MapKitSample/Info.plist;
				LD_RUNPATH_SEARCH_PATHS = "$(inherited) @executable_path/Frameworks";
				PRODUCT_BUNDLE_IDENTIFIER = shinyayamamoto.MapKitSample;
				PRODUCT_NAME = "$(TARGET_NAME)";
				SWIFT_VERSION = 3.0;
			};
			name = Debug;
		};
		C511E9C41E3E63D80048B620 /* Release */ = {
			isa = XCBuildConfiguration;
			buildSettings = {
				ASSETCATALOG_COMPILER_APPICON_NAME = AppIcon;
				DEVELOPMENT_TEAM = 555AYYM2W4;
				INFOPLIST_FILE = MapKitSample/Info.plist;
				LD_RUNPATH_SEARCH_PATHS = "$(inherited) @executable_path/Frameworks";
				PRODUCT_BUNDLE_IDENTIFIER = shinyayamamoto.MapKitSample;
				PRODUCT_NAME = "$(TARGET_NAME)";
				SWIFT_VERSION = 3.0;
			};
			name = Release;
		};
/* End XCBuildConfiguration section */

/* Begin XCConfigurationList section */
		C511E9AB1E3E63D80048B620 /* Build configuration list for PBXProject "MapKitSample" */ = {
			isa = XCConfigurationList;
			buildConfigurations = (
				C511E9C01E3E63D80048B620 /* Debug */,
				C511E9C11E3E63D80048B620 /* Release */,
			);
			defaultConfigurationIsVisible = 0;
			defaultConfigurationName = Release;
		};
		C511E9C21E3E63D80048B620 /* Build configuration list for PBXNativeTarget "MapKitSample" */ = {
			isa = XCConfigurationList;
			buildConfigurations = (
				C511E9C31E3E63D80048B620 /* Debug */,
				C511E9C41E3E63D80048B620 /* Release */,
			);
			defaultConfigurationIsVisible = 0;
		};
/* End XCConfigurationList section */
	};
	rootObject = C511E9A81E3E63D80048B620 /* Project object */;
}
